
Microsoft Visual Studio Solution File, Format Version 12.00
# Visual Studio 15
VisualStudioVersion = 15.0.26730.16
MinimumVisualStudioVersion = 10.0.40219.1
Project("{2150E333-8FDC-42A3-9474-1A3956D46DE8}") = "src", "src", "{4E9979CC-2BEC-4077-B7D0-5D2B572F7AA9}"
EndProject
Project("{9A19103F-16F7-4668-BE54-9A1E7A4F7556}") = "Wodsoft.ExpressionWrapper", "src\Wodsoft.ExpressionWrapper\Wodsoft.ExpressionWrapper.csproj", "{9A0157A1-6511-4D80-884A-EE7328515BD1}"
EndProject
Project("{2150E333-8FDC-42A3-9474-1A3956D46DE8}") = "test", "test", "{A64790FD-E123-4998-9F46-BA37A4CA2CB9}"
EndProject
Project("{FAE04EC0-301F-11D3-BF4B-00C04F79EFBC}") = "Wodsoft.ExpressionWrapper.UnitTest", "test\Wodsoft.ExpressionWrapper.UnitTest\Wodsoft.ExpressionWrapper.UnitTest.csproj", "{39EA3BF8-C90E-4A8E-8FAF-A3C94F784705}"
EndProject
Global
	GlobalSection(SolutionConfigurationPlatforms) = preSolution
		Debug|Any CPU = Debug|Any CPU
		Release|Any CPU = Release|Any CPU
	EndGlobalSection
	GlobalSection(ProjectConfigurationPlatforms) = postSolution
		{9A0157A1-6511-4D80-884A-EE7328515BD1}.Debug|Any CPU.ActiveCfg = Debug|Any CPU
		{9A0157A1-6511-4D80-884A-EE7328515BD1}.Debug|Any CPU.Build.0 = Debug|Any CPU
		{9A0157A1-6511-4D80-884A-EE7328515BD1}.Release|Any CPU.ActiveCfg = Release|Any CPU
		{9A0157A1-6511-4D80-884A-EE7328515BD1}.Release|Any CPU.Build.0 = Release|Any CPU
		{39EA3BF8-C90E-4A8E-8FAF-A3C94F784705}.Debug|Any CPU.ActiveCfg = Debug|Any CPU
		{39EA3BF8-C90E-4A8E-8FAF-A3C94F784705}.Debug|Any CPU.Build.0 = Debug|Any CPU
		{39EA3BF8-C90E-4A8E-8FAF-A3C94F784705}.Release|Any CPU.ActiveCfg = Release|Any CPU
		{39EA3BF8-C90E-4A8E-8FAF-A3C94F784705}.Release|Any CPU.Build.0 = Release|Any CPU
	EndGlobalSection
	GlobalSection(SolutionProperties) = preSolution
		HideSolutionNode = FALSE
	EndGlobalSection
	GlobalSection(NestedProjects) = preSolution
		{9A0157A1-6511-4D80-884A-EE7328515BD1} = {4E9979CC-2BEC-4077-B7D0-5D2B572F7AA9}
		{39EA3BF8-C90E-4A8E-8FAF-A3C94F784705} = {A64790FD-E123-4998-9F46-BA37A4CA2CB9}
	EndGlobalSection
	GlobalSection(ExtensibilityGlobals) = postSolution
		SolutionGuid = {F94A68F9-864B-4E7C-BFCE-8446BE9037DC}
	EndGlobalSection
EndGlobal
